// !$*UTF8*$!
{
	archiveVersion = 1;
	classes = {
	};
	objectVersion = 52;
	objects = {

/* Begin PBXBuildFile section */
		5B8F7FE1279F2A03004A2E58 /* UIApplicationExtension.swift in Sources */ = {isa = PBXBuildFile; fileRef = 5B8F7FE0279F2A03004A2E58 /* UIApplicationExtension.swift */; };
		7470DC1927BD35700005CD12 /* settings.plist in Resources */ = {isa = PBXBuildFile; fileRef = 7470DC1827BD35700005CD12 /* settings.plist */; };
		74ED2E4C27BD3338008DBC95 /* Bundle+Extension.swift in Sources */ = {isa = PBXBuildFile; fileRef = 74ED2E4B27BD3338008DBC95 /* Bundle+Extension.swift */; };
		8C63CF5427721BDB007180B9 /* WebRTC.xcframework in Frameworks */ = {isa = PBXBuildFile; fileRef = 8C63CF4F27721BDB007180B9 /* WebRTC.xcframework */; };
		8C63CF5627721BDB007180B9 /* VoxeetSDK.xcframework in Frameworks */ = {isa = PBXBuildFile; fileRef = 8C63CF5027721BDB007180B9 /* VoxeetSDK.xcframework */; };
		8C63CF5827721BDB007180B9 /* dvclient.xcframework in Frameworks */ = {isa = PBXBuildFile; fileRef = 8C63CF5127721BDB007180B9 /* dvclient.xcframework */; };
		8CEE37922772AC3D006CCD64 /* Kingfisher.xcframework in Frameworks */ = {isa = PBXBuildFile; fileRef = 8CEE37902772AC2A006CCD64 /* Kingfisher.xcframework */; };
		CC2B28B61E54501E00E3EB57 /* VoxeetUXKit.h in Headers */ = {isa = PBXBuildFile; fileRef = CC2B28B41E54501E00E3EB57 /* VoxeetUXKit.h */; settings = {ATTRIBUTES = (Public, ); }; };
		CC2B28D21E54522100E3EB57 /* VoxeetUXKit.swift in Sources */ = {isa = PBXBuildFile; fileRef = CC2B28D11E54522100E3EB57 /* VoxeetUXKit.swift */; };
		CC2B290D1E5469C300E3EB57 /* ConferenceViewController.swift in Sources */ = {isa = PBXBuildFile; fileRef = CC2B290C1E5469C300E3EB57 /* ConferenceViewController.swift */; };
		CC5D082C1E56086F007845BA /* ConferenceViewController+VTConferenceDelegate.swift in Sources */ = {isa = PBXBuildFile; fileRef = CC5D082B1E56086F007845BA /* ConferenceViewController+VTConferenceDelegate.swift */; };
		CCB49A932187407A003DD11C /* Permissions.swift in Sources */ = {isa = PBXBuildFile; fileRef = CCB49A922187407A003DD11C /* Permissions.swift */; };
		CCC1BF111FE424E600C61343 /* Localizable.strings in Resources */ = {isa = PBXBuildFile; fileRef = CCC1BF131FE424E600C61343 /* Localizable.strings */; };
		CCE03626216B838E0089F8F9 /* CallOutgoing.mp3 in Resources */ = {isa = PBXBuildFile; fileRef = CCE03625216B838E0089F8F9 /* CallOutgoing.mp3 */; };
		CCEEEEF11F0A9C52000F4D61 /* Print+Extension.swift in Sources */ = {isa = PBXBuildFile; fileRef = CCEEEEF01F0A9C52000F4D61 /* Print+Extension.swift */; };
		CCFF3DBF21904BF700541075 /* VoxeetUXKit.storyboard in Resources */ = {isa = PBXBuildFile; fileRef = CCFF3DBD21904BF700541075 /* VoxeetUXKit.storyboard */; };
		FA10CBDE2328F3F20084DD8F /* VTUXSpeakerConfiguration.swift in Sources */ = {isa = PBXBuildFile; fileRef = FA10CBDD2328F3F20084DD8F /* VTUXSpeakerConfiguration.swift */; };
		FA1A98AB22F437BF00ECD4E6 /* VTUXActionBarViewController.swift in Sources */ = {isa = PBXBuildFile; fileRef = FA1A98AA22F437BF00ECD4E6 /* VTUXActionBarViewController.swift */; };
		FA1A98AD22F4666500ECD4E6 /* UIButton+Extension.swift in Sources */ = {isa = PBXBuildFile; fileRef = FA1A98AC22F4666500ECD4E6 /* UIButton+Extension.swift */; };
		FA234A8822B2759500C3216C /* VTUXSpeakerViewController.swift in Sources */ = {isa = PBXBuildFile; fileRef = FA234A8722B2759500C3216C /* VTUXSpeakerViewController.swift */; };
		FA3FC2DD22BD18BE007E60E0 /* VTUXSpeakerVideoViewController.swift in Sources */ = {isa = PBXBuildFile; fileRef = FA3FC2DC22BD18BE007E60E0 /* VTUXSpeakerVideoViewController.swift */; };
		FA55399A22B8DD9800A761DE /* VTUXParticipantsViewController.swift in Sources */ = {isa = PBXBuildFile; fileRef = FA55399922B8DD9800A761DE /* VTUXParticipantsViewController.swift */; };
		FA72C5B42448911700489112 /* VoxeetUXKit.xcassets in Resources */ = {isa = PBXBuildFile; fileRef = FA72C5B32448911700489112 /* VoxeetUXKit.xcassets */; };
		FA867E9122F9D46300D15DC8 /* VTUXOverlayConfiguration.swift in Sources */ = {isa = PBXBuildFile; fileRef = FA867E9022F9D46300D15DC8 /* VTUXOverlayConfiguration.swift */; };
		FA89276822E5BAD20048DD46 /* CallJoined.mp3 in Resources */ = {isa = PBXBuildFile; fileRef = FA89276522E5BAD10048DD46 /* CallJoined.mp3 */; };
		FA89276A22E5DCC40048DD46 /* CallHangUp.mp3 in Resources */ = {isa = PBXBuildFile; fileRef = FA89276922E5DCC30048DD46 /* CallHangUp.mp3 */; };
		FA89276C22E6F3840048DD46 /* UIRoundImageView.swift in Sources */ = {isa = PBXBuildFile; fileRef = FA89276B22E6F3840048DD46 /* UIRoundImageView.swift */; };
		FA8B8DEC249CAA0100FE500E /* VTUXVideoAspect.swift in Sources */ = {isa = PBXBuildFile; fileRef = FA8B8DEB249CAA0100FE500E /* VTUXVideoAspect.swift */; };
		FAADC93122F87C6700F59938 /* VTUXConferenceControllerConfiguration.swift in Sources */ = {isa = PBXBuildFile; fileRef = FAADC93022F87C6700F59938 /* VTUXConferenceControllerConfiguration.swift */; };
		FAADC93522F87CAB00F59938 /* VTUXActionBarConfiguration.swift in Sources */ = {isa = PBXBuildFile; fileRef = FAADC93422F87CAB00F59938 /* VTUXActionBarConfiguration.swift */; };
		FAADC93722F87CD700F59938 /* VTUXParticipantsConfiguration.swift in Sources */ = {isa = PBXBuildFile; fileRef = FAADC93622F87CD700F59938 /* VTUXParticipantsConfiguration.swift */; };
		FAADC93922F8841100F59938 /* VTUXConferenceController.swift in Sources */ = {isa = PBXBuildFile; fileRef = FAADC93822F8841100F59938 /* VTUXConferenceController.swift */; };
		FAADC93B22F967A800F59938 /* OverlayViewController.swift in Sources */ = {isa = PBXBuildFile; fileRef = FAADC93A22F967A800F59938 /* OverlayViewController.swift */; };
		FAC6BBD223031192005E6200 /* VTUXSpeakerVideoPresentationViewController.swift in Sources */ = {isa = PBXBuildFile; fileRef = FAC6BBD123031192005E6200 /* VTUXSpeakerVideoPresentationViewController.swift */; };
		FAC6BBD42303F0AE005E6200 /* VTUXSpeakerFilePresentationViewController.swift in Sources */ = {isa = PBXBuildFile; fileRef = FAC6BBD32303F0AE005E6200 /* VTUXSpeakerFilePresentationViewController.swift */; };
		FACCE65F22B8E88500D2B33E /* VTUXParticipantsCollectionViewCell.swift in Sources */ = {isa = PBXBuildFile; fileRef = FACCE65E22B8E88500D2B33E /* VTUXParticipantsCollectionViewCell.swift */; };
		FADBB26522B39D7D005806DC /* VTUXActiveSpeakerTimer.swift in Sources */ = {isa = PBXBuildFile; fileRef = FADBB26422B39D7D005806DC /* VTUXActiveSpeakerTimer.swift */; };
		FAF523822304116B00421A84 /* VTUXLocalized.swift in Sources */ = {isa = PBXBuildFile; fileRef = FAF523812304116B00421A84 /* VTUXLocalized.swift */; };
/* End PBXBuildFile section */

/* Begin PBXFileReference section */
		5B8F7FE0279F2A03004A2E58 /* UIApplicationExtension.swift */ = {isa = PBXFileReference; fileEncoding = 4; lastKnownFileType = sourcecode.swift; path = UIApplicationExtension.swift; sourceTree = "<group>"; };
		7470DC1827BD35700005CD12 /* settings.plist */ = {isa = PBXFileReference; fileEncoding = 4; lastKnownFileType = text.plist.xml; path = settings.plist; sourceTree = "<group>"; };
		74ED2E4B27BD3338008DBC95 /* Bundle+Extension.swift */ = {isa = PBXFileReference; lastKnownFileType = sourcecode.swift; path = "Bundle+Extension.swift"; sourceTree = "<group>"; };
		8C63CF4F27721BDB007180B9 /* WebRTC.xcframework */ = {isa = PBXFileReference; lastKnownFileType = wrapper.xcframework; name = WebRTC.xcframework; path = Carthage/Build/WebRTC.xcframework; sourceTree = "<group>"; };
		8C63CF5027721BDB007180B9 /* VoxeetSDK.xcframework */ = {isa = PBXFileReference; lastKnownFileType = wrapper.xcframework; name = VoxeetSDK.xcframework; path = Carthage/Build/VoxeetSDK.xcframework; sourceTree = "<group>"; };
		8C63CF5127721BDB007180B9 /* dvclient.xcframework */ = {isa = PBXFileReference; lastKnownFileType = wrapper.xcframework; name = dvclient.xcframework; path = Carthage/Build/dvclient.xcframework; sourceTree = "<group>"; };
		8CEE37902772AC2A006CCD64 /* Kingfisher.xcframework */ = {isa = PBXFileReference; lastKnownFileType = wrapper.xcframework; name = Kingfisher.xcframework; path = Carthage/Build/Kingfisher.xcframework; sourceTree = "<group>"; };
		CC2B28B11E54501E00E3EB57 /* VoxeetUXKit.framework */ = {isa = PBXFileReference; explicitFileType = wrapper.framework; includeInIndex = 0; path = VoxeetUXKit.framework; sourceTree = BUILT_PRODUCTS_DIR; };
		CC2B28B41E54501E00E3EB57 /* VoxeetUXKit.h */ = {isa = PBXFileReference; lastKnownFileType = sourcecode.c.h; path = VoxeetUXKit.h; sourceTree = "<group>"; };
		CC2B28D11E54522100E3EB57 /* VoxeetUXKit.swift */ = {isa = PBXFileReference; fileEncoding = 4; lastKnownFileType = sourcecode.swift; path = VoxeetUXKit.swift; sourceTree = "<group>"; };
		CC2B290C1E5469C300E3EB57 /* ConferenceViewController.swift */ = {isa = PBXFileReference; fileEncoding = 4; lastKnownFileType = sourcecode.swift; path = ConferenceViewController.swift; sourceTree = "<group>"; };
		CC5D082B1E56086F007845BA /* ConferenceViewController+VTConferenceDelegate.swift */ = {isa = PBXFileReference; fileEncoding = 4; lastKnownFileType = sourcecode.swift; path = "ConferenceViewController+VTConferenceDelegate.swift"; sourceTree = "<group>"; };
		CCB49A922187407A003DD11C /* Permissions.swift */ = {isa = PBXFileReference; lastKnownFileType = sourcecode.swift; path = Permissions.swift; sourceTree = "<group>"; };
		CCC1BF121FE424E600C61343 /* en */ = {isa = PBXFileReference; lastKnownFileType = text.plist.strings; name = en; path = en.lproj/Localizable.strings; sourceTree = "<group>"; };
		CCE03625216B838E0089F8F9 /* CallOutgoing.mp3 */ = {isa = PBXFileReference; lastKnownFileType = audio.mp3; path = CallOutgoing.mp3; sourceTree = "<group>"; };
		CCEEEEF01F0A9C52000F4D61 /* Print+Extension.swift */ = {isa = PBXFileReference; fileEncoding = 4; lastKnownFileType = sourcecode.swift; path = "Print+Extension.swift"; sourceTree = "<group>"; };
		CCFF3DBE21904BF700541075 /* Base */ = {isa = PBXFileReference; lastKnownFileType = file.storyboard; name = Base; path = Base.lproj/VoxeetUXKit.storyboard; sourceTree = "<group>"; };
		CCFF3DC021904C4200541075 /* fr */ = {isa = PBXFileReference; lastKnownFileType = text.plist.strings; name = fr; path = fr.lproj/Localizable.strings; sourceTree = "<group>"; };
		FA10CBDD2328F3F20084DD8F /* VTUXSpeakerConfiguration.swift */ = {isa = PBXFileReference; lastKnownFileType = sourcecode.swift; path = VTUXSpeakerConfiguration.swift; sourceTree = "<group>"; };
		FA1A98AA22F437BF00ECD4E6 /* VTUXActionBarViewController.swift */ = {isa = PBXFileReference; lastKnownFileType = sourcecode.swift; path = VTUXActionBarViewController.swift; sourceTree = "<group>"; };
		FA1A98AC22F4666500ECD4E6 /* UIButton+Extension.swift */ = {isa = PBXFileReference; lastKnownFileType = sourcecode.swift; path = "UIButton+Extension.swift"; sourceTree = "<group>"; };
		FA234A8722B2759500C3216C /* VTUXSpeakerViewController.swift */ = {isa = PBXFileReference; lastKnownFileType = sourcecode.swift; path = VTUXSpeakerViewController.swift; sourceTree = "<group>"; };
		FA3FC2DC22BD18BE007E60E0 /* VTUXSpeakerVideoViewController.swift */ = {isa = PBXFileReference; lastKnownFileType = sourcecode.swift; path = VTUXSpeakerVideoViewController.swift; sourceTree = "<group>"; };
		FA55399922B8DD9800A761DE /* VTUXParticipantsViewController.swift */ = {isa = PBXFileReference; lastKnownFileType = sourcecode.swift; path = VTUXParticipantsViewController.swift; sourceTree = "<group>"; };
		FA72C5B32448911700489112 /* VoxeetUXKit.xcassets */ = {isa = PBXFileReference; lastKnownFileType = folder.assetcatalog; path = VoxeetUXKit.xcassets; sourceTree = "<group>"; };
		FA867E9022F9D46300D15DC8 /* VTUXOverlayConfiguration.swift */ = {isa = PBXFileReference; lastKnownFileType = sourcecode.swift; path = VTUXOverlayConfiguration.swift; sourceTree = "<group>"; };
		FA89276522E5BAD10048DD46 /* CallJoined.mp3 */ = {isa = PBXFileReference; lastKnownFileType = audio.mp3; path = CallJoined.mp3; sourceTree = "<group>"; };
		FA89276922E5DCC30048DD46 /* CallHangUp.mp3 */ = {isa = PBXFileReference; lastKnownFileType = audio.mp3; path = CallHangUp.mp3; sourceTree = "<group>"; };
		FA89276B22E6F3840048DD46 /* UIRoundImageView.swift */ = {isa = PBXFileReference; lastKnownFileType = sourcecode.swift; path = UIRoundImageView.swift; sourceTree = "<group>"; };
		FA8B8DEB249CAA0100FE500E /* VTUXVideoAspect.swift */ = {isa = PBXFileReference; lastKnownFileType = sourcecode.swift; path = VTUXVideoAspect.swift; sourceTree = "<group>"; };
		FAADC93022F87C6700F59938 /* VTUXConferenceControllerConfiguration.swift */ = {isa = PBXFileReference; lastKnownFileType = sourcecode.swift; path = VTUXConferenceControllerConfiguration.swift; sourceTree = "<group>"; };
		FAADC93422F87CAB00F59938 /* VTUXActionBarConfiguration.swift */ = {isa = PBXFileReference; lastKnownFileType = sourcecode.swift; path = VTUXActionBarConfiguration.swift; sourceTree = "<group>"; };
		FAADC93622F87CD700F59938 /* VTUXParticipantsConfiguration.swift */ = {isa = PBXFileReference; lastKnownFileType = sourcecode.swift; path = VTUXParticipantsConfiguration.swift; sourceTree = "<group>"; };
		FAADC93822F8841100F59938 /* VTUXConferenceController.swift */ = {isa = PBXFileReference; lastKnownFileType = sourcecode.swift; path = VTUXConferenceController.swift; sourceTree = "<group>"; };
		FAADC93A22F967A800F59938 /* OverlayViewController.swift */ = {isa = PBXFileReference; lastKnownFileType = sourcecode.swift; path = OverlayViewController.swift; sourceTree = "<group>"; };
		FAC6BBD123031192005E6200 /* VTUXSpeakerVideoPresentationViewController.swift */ = {isa = PBXFileReference; lastKnownFileType = sourcecode.swift; path = VTUXSpeakerVideoPresentationViewController.swift; sourceTree = "<group>"; };
		FAC6BBD32303F0AE005E6200 /* VTUXSpeakerFilePresentationViewController.swift */ = {isa = PBXFileReference; lastKnownFileType = sourcecode.swift; path = VTUXSpeakerFilePresentationViewController.swift; sourceTree = "<group>"; };
		FACCE65E22B8E88500D2B33E /* VTUXParticipantsCollectionViewCell.swift */ = {isa = PBXFileReference; lastKnownFileType = sourcecode.swift; path = VTUXParticipantsCollectionViewCell.swift; sourceTree = "<group>"; };
		FADBB26422B39D7D005806DC /* VTUXActiveSpeakerTimer.swift */ = {isa = PBXFileReference; lastKnownFileType = sourcecode.swift; path = VTUXActiveSpeakerTimer.swift; sourceTree = "<group>"; };
		FAF523812304116B00421A84 /* VTUXLocalized.swift */ = {isa = PBXFileReference; lastKnownFileType = sourcecode.swift; path = VTUXLocalized.swift; sourceTree = "<group>"; };
/* End PBXFileReference section */

/* Begin PBXFrameworksBuildPhase section */
		CC2B28AD1E54501E00E3EB57 /* Frameworks */ = {
			isa = PBXFrameworksBuildPhase;
			buildActionMask = 2147483647;
			files = (
				8C63CF5827721BDB007180B9 /* dvclient.xcframework in Frameworks */,
				8C63CF5427721BDB007180B9 /* WebRTC.xcframework in Frameworks */,
				8C63CF5627721BDB007180B9 /* VoxeetSDK.xcframework in Frameworks */,
				8CEE37922772AC3D006CCD64 /* Kingfisher.xcframework in Frameworks */,
			);
			runOnlyForDeploymentPostprocessing = 0;
		};
/* End PBXFrameworksBuildPhase section */

/* Begin PBXGroup section */
		CC2B28A71E54501E00E3EB57 = {
			isa = PBXGroup;
			children = (
				CC2B28B31E54501E00E3EB57 /* VoxeetUXKit */,
				CC8AD12C1E65E4E500083A34 /* Frameworks */,
				CC2B28B21E54501E00E3EB57 /* Products */,
			);
			sourceTree = "<group>";
		};
		CC2B28B21E54501E00E3EB57 /* Products */ = {
			isa = PBXGroup;
			children = (
				CC2B28B11E54501E00E3EB57 /* VoxeetUXKit.framework */,
			);
			name = Products;
			sourceTree = "<group>";
		};
		CC2B28B31E54501E00E3EB57 /* VoxeetUXKit */ = {
			isa = PBXGroup;
			children = (
				FAADC93C22F9AE8400F59938 /* Code */,
				CC5D08261E55EE8F007845BA /* Assets */,
				CC2B28D01E5451FE00E3EB57 /* Other */,
			);
			path = VoxeetUXKit;
			sourceTree = "<group>";
		};
		CC2B28D01E5451FE00E3EB57 /* Other */ = {
			isa = PBXGroup;
			children = (
				7470DC1827BD35700005CD12 /* settings.plist */,
				CC2B28B41E54501E00E3EB57 /* VoxeetUXKit.h */,
			);
			path = Other;
			sourceTree = "<group>";
		};
		CC2B28D51E54525600E3EB57 /* Views */ = {
			isa = PBXGroup;
			children = (
				CCFF3DBD21904BF700541075 /* VoxeetUXKit.storyboard */,
			);
			path = Views;
			sourceTree = "<group>";
		};
		CC2B28D61E54525A00E3EB57 /* ViewControllers */ = {
			isa = PBXGroup;
			children = (
				FAADC93A22F967A800F59938 /* OverlayViewController.swift */,
				CC2B290C1E5469C300E3EB57 /* ConferenceViewController.swift */,
				CC5D082B1E56086F007845BA /* ConferenceViewController+VTConferenceDelegate.swift */,
				FA5539A122B8DF5E00A761DE /* UX modules */,
			);
			path = ViewControllers;
			sourceTree = "<group>";
		};
		CC2B290E1E548C0300E3EB57 /* Extensions */ = {
			isa = PBXGroup;
			children = (
				5B8F7FE0279F2A03004A2E58 /* UIApplicationExtension.swift */,
				CCEEEEF01F0A9C52000F4D61 /* Print+Extension.swift */,
				FA1A98AC22F4666500ECD4E6 /* UIButton+Extension.swift */,
				74ED2E4B27BD3338008DBC95 /* Bundle+Extension.swift */,
			);
			path = Extensions;
			sourceTree = "<group>";
		};
		CC5D08261E55EE8F007845BA /* Assets */ = {
			isa = PBXGroup;
			children = (
				FA1A98AE22F474A200ECD4E6 /* Images */,
				FA1A98AF22F4752100ECD4E6 /* Localizable strings */,
				CCCA16B51FE7B3F200C0065A /* Sounds */,
			);
			path = Assets;
			sourceTree = "<group>";
		};
		CC8AD12C1E65E4E500083A34 /* Frameworks */ = {
			isa = PBXGroup;
			children = (
				8C63CF5127721BDB007180B9 /* dvclient.xcframework */,
				8C63CF5027721BDB007180B9 /* VoxeetSDK.xcframework */,
				8C63CF4F27721BDB007180B9 /* WebRTC.xcframework */,
				8CEE37902772AC2A006CCD64 /* Kingfisher.xcframework */,
			);
			name = Frameworks;
			sourceTree = "<group>";
		};
		CCCA16B51FE7B3F200C0065A /* Sounds */ = {
			isa = PBXGroup;
			children = (
				FA89276922E5DCC30048DD46 /* CallHangUp.mp3 */,
				FA89276522E5BAD10048DD46 /* CallJoined.mp3 */,
				CCE03625216B838E0089F8F9 /* CallOutgoing.mp3 */,
			);
			path = Sounds;
			sourceTree = "<group>";
		};
		FA1A98A922F4377A00ECD4E6 /* Action bar */ = {
			isa = PBXGroup;
			children = (
				FA1A98AA22F437BF00ECD4E6 /* VTUXActionBarViewController.swift */,
			);
			name = "Action bar";
			path = "../UX Modules/Action Bar";
			sourceTree = "<group>";
		};
		FA1A98AE22F474A200ECD4E6 /* Images */ = {
			isa = PBXGroup;
			children = (
				FA72C5B32448911700489112 /* VoxeetUXKit.xcassets */,
			);
			path = Images;
			sourceTree = "<group>";
		};
		FA1A98AF22F4752100ECD4E6 /* Localizable strings */ = {
			isa = PBXGroup;
			children = (
				CCC1BF131FE424E600C61343 /* Localizable.strings */,
			);
			name = "Localizable strings";
			path = "Localizable Strings";
			sourceTree = "<group>";
		};
		FA5539A122B8DF5E00A761DE /* UX modules */ = {
			isa = PBXGroup;
			children = (
				FA5539A322B8DF7400A761DE /* Participants list */,
				FA5539A222B8DF6400A761DE /* Current speaker */,
				FA1A98A922F4377A00ECD4E6 /* Action bar */,
			);
			name = "UX modules";
			path = "UX Modules";
			sourceTree = "<group>";
		};
		FA5539A222B8DF6400A761DE /* Current speaker */ = {
			isa = PBXGroup;
			children = (
				FA234A8722B2759500C3216C /* VTUXSpeakerViewController.swift */,
				FA3FC2DC22BD18BE007E60E0 /* VTUXSpeakerVideoViewController.swift */,
				FAC6BBD32303F0AE005E6200 /* VTUXSpeakerFilePresentationViewController.swift */,
				FAC6BBD123031192005E6200 /* VTUXSpeakerVideoPresentationViewController.swift */,
			);
			name = "Current speaker";
			path = "../UX Modules/Current Speaker";
			sourceTree = "<group>";
		};
		FA5539A322B8DF7400A761DE /* Participants list */ = {
			isa = PBXGroup;
			children = (
				FA55399922B8DD9800A761DE /* VTUXParticipantsViewController.swift */,
				FACCE65E22B8E88500D2B33E /* VTUXParticipantsCollectionViewCell.swift */,
			);
			name = "Participants list";
			path = "../UX Modules/Participants list";
			sourceTree = "<group>";
		};
		FA867E8E22F9C24A00D15DC8 /* Other */ = {
			isa = PBXGroup;
			children = (
				CCB49A922187407A003DD11C /* Permissions.swift */,
				FA89276B22E6F3840048DD46 /* UIRoundImageView.swift */,
				FA8B8DEB249CAA0100FE500E /* VTUXVideoAspect.swift */,
				FAF523812304116B00421A84 /* VTUXLocalized.swift */,
			);
			path = Other;
			sourceTree = "<group>";
		};
		FA867E8F22F9D40F00D15DC8 /* Configuration */ = {
			isa = PBXGroup;
			children = (
				FAADC93022F87C6700F59938 /* VTUXConferenceControllerConfiguration.swift */,
				FA867E9022F9D46300D15DC8 /* VTUXOverlayConfiguration.swift */,
				FAADC93622F87CD700F59938 /* VTUXParticipantsConfiguration.swift */,
				FA10CBDD2328F3F20084DD8F /* VTUXSpeakerConfiguration.swift */,
				FAADC93422F87CAB00F59938 /* VTUXActionBarConfiguration.swift */,
			);
			path = Configuration;
			sourceTree = "<group>";
		};
		FA867E9222F9D64300D15DC8 /* Controllers */ = {
			isa = PBXGroup;
			children = (
				FAADC93822F8841100F59938 /* VTUXConferenceController.swift */,
			);
			path = Controllers;
			sourceTree = "<group>";
		};
		FAADC93C22F9AE8400F59938 /* Code */ = {
			isa = PBXGroup;
			children = (
				CC2B28D11E54522100E3EB57 /* VoxeetUXKit.swift */,
				CC2B28D51E54525600E3EB57 /* Views */,
				FA867E9222F9D64300D15DC8 /* Controllers */,
				CC2B28D61E54525A00E3EB57 /* ViewControllers */,
				FAADC93D22F9AE8E00F59938 /* Utilities */,
			);
			path = Code;
			sourceTree = "<group>";
		};
		FAADC93D22F9AE8E00F59938 /* Utilities */ = {
			isa = PBXGroup;
			children = (
				FADBB26422B39D7D005806DC /* VTUXActiveSpeakerTimer.swift */,
				FA867E8F22F9D40F00D15DC8 /* Configuration */,
				CC2B290E1E548C0300E3EB57 /* Extensions */,
				FA867E8E22F9C24A00D15DC8 /* Other */,
			);
			path = Utilities;
			sourceTree = "<group>";
		};
/* End PBXGroup section */

/* Begin PBXHeadersBuildPhase section */
		CC2B28AE1E54501E00E3EB57 /* Headers */ = {
			isa = PBXHeadersBuildPhase;
			buildActionMask = 2147483647;
			files = (
				CC2B28B61E54501E00E3EB57 /* VoxeetUXKit.h in Headers */,
			);
			runOnlyForDeploymentPostprocessing = 0;
		};
/* End PBXHeadersBuildPhase section */

/* Begin PBXNativeTarget section */
		CC2B28B01E54501E00E3EB57 /* VoxeetUXKit */ = {
			isa = PBXNativeTarget;
			buildConfigurationList = CC2B28B91E54501E00E3EB57 /* Build configuration list for PBXNativeTarget "VoxeetUXKit" */;
			buildPhases = (
				CC2B28AC1E54501E00E3EB57 /* Sources */,
				CC2B28AD1E54501E00E3EB57 /* Frameworks */,
				CC2B28AE1E54501E00E3EB57 /* Headers */,
				CC2B28AF1E54501E00E3EB57 /* Resources */,
			);
			buildRules = (
			);
			dependencies = (
			);
			name = VoxeetUXKit;
			productName = VoxeetConferenceKit;
			productReference = CC2B28B11E54501E00E3EB57 /* VoxeetUXKit.framework */;
			productType = "com.apple.product-type.framework";
		};
/* End PBXNativeTarget section */

/* Begin PBXProject section */
		CC2B28A81E54501E00E3EB57 /* Project object */ = {
			isa = PBXProject;
			attributes = {
				LastUpgradeCheck = 1320;
				ORGANIZATIONNAME = Voxeet;
				TargetAttributes = {
					CC2B28B01E54501E00E3EB57 = {
						CreatedOnToolsVersion = 8.2.1;
						DevelopmentTeam = B55NRA8BRW;
						LastSwiftMigration = 1020;
						ProvisioningStyle = Automatic;
					};
				};
			};
			buildConfigurationList = CC2B28AB1E54501E00E3EB57 /* Build configuration list for PBXProject "VoxeetUXKit" */;
			compatibilityVersion = "Xcode 3.2";
			developmentRegion = en;
			hasScannedForEncodings = 0;
			knownRegions = (
				en,
				Base,
				fr,
			);
			mainGroup = CC2B28A71E54501E00E3EB57;
			productRefGroup = CC2B28B21E54501E00E3EB57 /* Products */;
			projectDirPath = "";
			projectRoot = "";
			targets = (
				CC2B28B01E54501E00E3EB57 /* VoxeetUXKit */,
			);
		};
/* End PBXProject section */

/* Begin PBXResourcesBuildPhase section */
		CC2B28AF1E54501E00E3EB57 /* Resources */ = {
			isa = PBXResourcesBuildPhase;
			buildActionMask = 2147483647;
			files = (
				CCE03626216B838E0089F8F9 /* CallOutgoing.mp3 in Resources */,
				CCFF3DBF21904BF700541075 /* VoxeetUXKit.storyboard in Resources */,
				FA72C5B42448911700489112 /* VoxeetUXKit.xcassets in Resources */,
				CCC1BF111FE424E600C61343 /* Localizable.strings in Resources */,
				FA89276A22E5DCC40048DD46 /* CallHangUp.mp3 in Resources */,
				7470DC1927BD35700005CD12 /* settings.plist in Resources */,
				FA89276822E5BAD20048DD46 /* CallJoined.mp3 in Resources */,
			);
			runOnlyForDeploymentPostprocessing = 0;
		};
/* End PBXResourcesBuildPhase section */

/* Begin PBXSourcesBuildPhase section */
		CC2B28AC1E54501E00E3EB57 /* Sources */ = {
			isa = PBXSourcesBuildPhase;
			buildActionMask = 2147483647;
			files = (
				FA89276C22E6F3840048DD46 /* UIRoundImageView.swift in Sources */,
				FA55399A22B8DD9800A761DE /* VTUXParticipantsViewController.swift in Sources */,
				FA1A98AD22F4666500ECD4E6 /* UIButton+Extension.swift in Sources */,
				74ED2E4C27BD3338008DBC95 /* Bundle+Extension.swift in Sources */,
				FAADC93B22F967A800F59938 /* OverlayViewController.swift in Sources */,
				FACCE65F22B8E88500D2B33E /* VTUXParticipantsCollectionViewCell.swift in Sources */,
				FA10CBDE2328F3F20084DD8F /* VTUXSpeakerConfiguration.swift in Sources */,
				FA8B8DEC249CAA0100FE500E /* VTUXVideoAspect.swift in Sources */,
				CCEEEEF11F0A9C52000F4D61 /* Print+Extension.swift in Sources */,
				FA3FC2DD22BD18BE007E60E0 /* VTUXSpeakerVideoViewController.swift in Sources */,
				FAADC93122F87C6700F59938 /* VTUXConferenceControllerConfiguration.swift in Sources */,
				FAADC93922F8841100F59938 /* VTUXConferenceController.swift in Sources */,
				FA234A8822B2759500C3216C /* VTUXSpeakerViewController.swift in Sources */,
				5B8F7FE1279F2A03004A2E58 /* UIApplicationExtension.swift in Sources */,
				FAADC93722F87CD700F59938 /* VTUXParticipantsConfiguration.swift in Sources */,
				FA867E9122F9D46300D15DC8 /* VTUXOverlayConfiguration.swift in Sources */,
				FAF523822304116B00421A84 /* VTUXLocalized.swift in Sources */,
				FADBB26522B39D7D005806DC /* VTUXActiveSpeakerTimer.swift in Sources */,
				FA1A98AB22F437BF00ECD4E6 /* VTUXActionBarViewController.swift in Sources */,
				FAADC93522F87CAB00F59938 /* VTUXActionBarConfiguration.swift in Sources */,
				FAC6BBD223031192005E6200 /* VTUXSpeakerVideoPresentationViewController.swift in Sources */,
				CC5D082C1E56086F007845BA /* ConferenceViewController+VTConferenceDelegate.swift in Sources */,
				CCB49A932187407A003DD11C /* Permissions.swift in Sources */,
				FAC6BBD42303F0AE005E6200 /* VTUXSpeakerFilePresentationViewController.swift in Sources */,
				CC2B28D21E54522100E3EB57 /* VoxeetUXKit.swift in Sources */,
				CC2B290D1E5469C300E3EB57 /* ConferenceViewController.swift in Sources */,
			);
			runOnlyForDeploymentPostprocessing = 0;
		};
/* End PBXSourcesBuildPhase section */

/* Begin PBXVariantGroup section */
		CCC1BF131FE424E600C61343 /* Localizable.strings */ = {
			isa = PBXVariantGroup;
			children = (
				CCC1BF121FE424E600C61343 /* en */,
				CCFF3DC021904C4200541075 /* fr */,
			);
			name = Localizable.strings;
			sourceTree = "<group>";
		};
		CCFF3DBD21904BF700541075 /* VoxeetUXKit.storyboard */ = {
			isa = PBXVariantGroup;
			children = (
				CCFF3DBE21904BF700541075 /* Base */,
			);
			name = VoxeetUXKit.storyboard;
			sourceTree = "<group>";
		};
/* End PBXVariantGroup section */

/* Begin XCBuildConfiguration section */
		CC2B28B71E54501E00E3EB57 /* Debug */ = {
			isa = XCBuildConfiguration;
			buildSettings = {
				ALWAYS_SEARCH_USER_PATHS = NO;
				CLANG_ANALYZER_LOCALIZABILITY_NONLOCALIZED = YES;
				CLANG_ANALYZER_NONNULL = YES;
				CLANG_CXX_LANGUAGE_STANDARD = "gnu++0x";
				CLANG_CXX_LIBRARY = "libc++";
				CLANG_ENABLE_MODULES = YES;
				CLANG_ENABLE_OBJC_ARC = YES;
				CLANG_WARN_BLOCK_CAPTURE_AUTORELEASING = YES;
				CLANG_WARN_BOOL_CONVERSION = YES;
				CLANG_WARN_COMMA = YES;
				CLANG_WARN_CONSTANT_CONVERSION = YES;
				CLANG_WARN_DEPRECATED_OBJC_IMPLEMENTATIONS = YES;
				CLANG_WARN_DIRECT_OBJC_ISA_USAGE = YES_ERROR;
				CLANG_WARN_DOCUMENTATION_COMMENTS = YES;
				CLANG_WARN_EMPTY_BODY = YES;
				CLANG_WARN_ENUM_CONVERSION = YES;
				CLANG_WARN_INFINITE_RECURSION = YES;
				CLANG_WARN_INT_CONVERSION = YES;
				CLANG_WARN_NON_LITERAL_NULL_CONVERSION = YES;
				CLANG_WARN_OBJC_IMPLICIT_RETAIN_SELF = YES;
				CLANG_WARN_OBJC_LITERAL_CONVERSION = YES;
				CLANG_WARN_OBJC_ROOT_CLASS = YES_ERROR;
				CLANG_WARN_QUOTED_INCLUDE_IN_FRAMEWORK_HEADER = YES;
				CLANG_WARN_RANGE_LOOP_ANALYSIS = YES;
				CLANG_WARN_STRICT_PROTOTYPES = YES;
				CLANG_WARN_SUSPICIOUS_MOVE = YES;
				CLANG_WARN_UNREACHABLE_CODE = YES;
				CLANG_WARN__DUPLICATE_METHOD_MATCH = YES;
				COPY_PHASE_STRIP = NO;
				CURRENT_PROJECT_VERSION = 1;
				DEBUG_INFORMATION_FORMAT = dwarf;
				ENABLE_BITCODE = NO;
				ENABLE_STRICT_OBJC_MSGSEND = YES;
				ENABLE_TESTABILITY = YES;
				EXCLUDED_ARCHS = "";
				GCC_C_LANGUAGE_STANDARD = gnu99;
				GCC_DYNAMIC_NO_PIC = NO;
				GCC_NO_COMMON_BLOCKS = YES;
				GCC_OPTIMIZATION_LEVEL = 0;
				GCC_PREPROCESSOR_DEFINITIONS = (
					"DEBUG=1",
					"$(inherited)",
				);
				GCC_WARN_64_TO_32_BIT_CONVERSION = YES;
				GCC_WARN_ABOUT_RETURN_TYPE = YES_ERROR;
				GCC_WARN_UNDECLARED_SELECTOR = YES;
				GCC_WARN_UNINITIALIZED_AUTOS = YES_AGGRESSIVE;
				GCC_WARN_UNUSED_FUNCTION = YES;
				GCC_WARN_UNUSED_VARIABLE = YES;
				IPHONEOS_DEPLOYMENT_TARGET = 9.0;
				MTL_ENABLE_DEBUG_INFO = YES;
				ONLY_ACTIVE_ARCH = YES;
				SDKROOT = iphoneos;
				SWIFT_ACTIVE_COMPILATION_CONDITIONS = DEBUG;
				SWIFT_OPTIMIZATION_LEVEL = "-Onone";
				TARGETED_DEVICE_FAMILY = "1,2";
				VERSIONING_SYSTEM = "apple-generic";
				VERSION_INFO_PREFIX = "";
			};
			name = Debug;
		};
		CC2B28B81E54501E00E3EB57 /* Release */ = {
			isa = XCBuildConfiguration;
			buildSettings = {
				ALWAYS_SEARCH_USER_PATHS = NO;
				CLANG_ANALYZER_LOCALIZABILITY_NONLOCALIZED = YES;
				CLANG_ANALYZER_NONNULL = YES;
				CLANG_CXX_LANGUAGE_STANDARD = "gnu++0x";
				CLANG_CXX_LIBRARY = "libc++";
				CLANG_ENABLE_MODULES = YES;
				CLANG_ENABLE_OBJC_ARC = YES;
				CLANG_WARN_BLOCK_CAPTURE_AUTORELEASING = YES;
				CLANG_WARN_BOOL_CONVERSION = YES;
				CLANG_WARN_COMMA = YES;
				CLANG_WARN_CONSTANT_CONVERSION = YES;
				CLANG_WARN_DEPRECATED_OBJC_IMPLEMENTATIONS = YES;
				CLANG_WARN_DIRECT_OBJC_ISA_USAGE = YES_ERROR;
				CLANG_WARN_DOCUMENTATION_COMMENTS = YES;
				CLANG_WARN_EMPTY_BODY = YES;
				CLANG_WARN_ENUM_CONVERSION = YES;
				CLANG_WARN_INFINITE_RECURSION = YES;
				CLANG_WARN_INT_CONVERSION = YES;
				CLANG_WARN_NON_LITERAL_NULL_CONVERSION = YES;
				CLANG_WARN_OBJC_IMPLICIT_RETAIN_SELF = YES;
				CLANG_WARN_OBJC_LITERAL_CONVERSION = YES;
				CLANG_WARN_OBJC_ROOT_CLASS = YES_ERROR;
				CLANG_WARN_QUOTED_INCLUDE_IN_FRAMEWORK_HEADER = YES;
				CLANG_WARN_RANGE_LOOP_ANALYSIS = YES;
				CLANG_WARN_STRICT_PROTOTYPES = YES;
				CLANG_WARN_SUSPICIOUS_MOVE = YES;
				CLANG_WARN_UNREACHABLE_CODE = YES;
				CLANG_WARN__DUPLICATE_METHOD_MATCH = YES;
				COPY_PHASE_STRIP = NO;
				CURRENT_PROJECT_VERSION = 1;
				DEBUG_INFORMATION_FORMAT = "dwarf-with-dsym";
				ENABLE_BITCODE = NO;
				ENABLE_NS_ASSERTIONS = NO;
				ENABLE_STRICT_OBJC_MSGSEND = YES;
				EXCLUDED_ARCHS = "";
				"EXCLUDED_ARCHS[sdk=iphonesimulator*]" = "arm64 armv7 armv7s arm64e";
				GCC_C_LANGUAGE_STANDARD = gnu99;
				GCC_NO_COMMON_BLOCKS = YES;
				GCC_WARN_64_TO_32_BIT_CONVERSION = YES;
				GCC_WARN_ABOUT_RETURN_TYPE = YES_ERROR;
				GCC_WARN_UNDECLARED_SELECTOR = YES;
				GCC_WARN_UNINITIALIZED_AUTOS = YES_AGGRESSIVE;
				GCC_WARN_UNUSED_FUNCTION = YES;
				GCC_WARN_UNUSED_VARIABLE = YES;
				IPHONEOS_DEPLOYMENT_TARGET = 9.0;
				MTL_ENABLE_DEBUG_INFO = NO;
				SDKROOT = iphoneos;
				SWIFT_COMPILATION_MODE = wholemodule;
				SWIFT_OPTIMIZATION_LEVEL = "-O";
				TARGETED_DEVICE_FAMILY = "1,2";
				VALIDATE_PRODUCT = YES;
				VERSIONING_SYSTEM = "apple-generic";
				VERSION_INFO_PREFIX = "";
			};
			name = Release;
		};
		CC2B28BA1E54501E00E3EB57 /* Debug */ = {
			isa = XCBuildConfiguration;
			buildSettings = {
				CLANG_ENABLE_MODULES = YES;
				CURRENT_PROJECT_VERSION = 0;
				DEFINES_MODULE = YES;
				DEVELOPMENT_TEAM = B55NRA8BRW;
				DYLIB_COMPATIBILITY_VERSION = 1;
				DYLIB_CURRENT_VERSION = 1;
				DYLIB_INSTALL_NAME_BASE = "@rpath";
				"EXCLUDED_ARCHS[sdk=iphoneos*]" = "x86_64 i386";
				"EXCLUDED_ARCHS[sdk=iphonesimulator*]" = "arm64 arm64e armv7 armv7s";
				FRAMEWORK_SEARCH_PATHS = (
					"$(inherited)",
					"$(PROJECT_DIR)/Carthage/Build",
				);
				INFOPLIST_FILE = VoxeetUXKit/Other/settings.plist;
				INSTALL_PATH = "$(LOCAL_LIBRARY_DIR)/Frameworks";
				IPHONEOS_DEPLOYMENT_TARGET = 12.0;
				LD_RUNPATH_SEARCH_PATHS = (
					"$(inherited)",
					"@executable_path/Frameworks",
					"@loader_path/Frameworks",
				);
				MARKETING_VERSION = 1.7.0;
				PRODUCT_BUNDLE_IDENTIFIER = com.voxeet.uxkit;
				PRODUCT_NAME = "$(TARGET_NAME)";
				PROVISIONING_PROFILE_SPECIFIER = "";
				SUPPORTS_MACCATALYST = NO;
				SWIFT_OPTIMIZATION_LEVEL = "-Onone";
				SWIFT_VERSION = 5.0;
			};
			name = Debug;
		};
		CC2B28BB1E54501E00E3EB57 /* Release */ = {
			isa = XCBuildConfiguration;
			buildSettings = {
				CLANG_ENABLE_MODULES = YES;
				CURRENT_PROJECT_VERSION = 0;
				DEFINES_MODULE = YES;
				DEVELOPMENT_TEAM = B55NRA8BRW;
				DYLIB_COMPATIBILITY_VERSION = 1;
				DYLIB_CURRENT_VERSION = 1;
				DYLIB_INSTALL_NAME_BASE = "@rpath";
				"EXCLUDED_ARCHS[sdk=iphoneos*]" = "x86_64 i386";
				FRAMEWORK_SEARCH_PATHS = (
					"$(inherited)",
					"$(PROJECT_DIR)/Carthage/Build",
				);
				INFOPLIST_FILE = VoxeetUXKit/Other/settings.plist;
				INSTALL_PATH = "$(LOCAL_LIBRARY_DIR)/Frameworks";
				IPHONEOS_DEPLOYMENT_TARGET = 12.0;
				LD_RUNPATH_SEARCH_PATHS = (
					"$(inherited)",
					"@executable_path/Frameworks",
					"@loader_path/Frameworks",
				);
				MARKETING_VERSION = 1.7.0;
				PRODUCT_BUNDLE_IDENTIFIER = com.voxeet.uxkit;
				PRODUCT_NAME = "$(TARGET_NAME)";
				PROVISIONING_PROFILE_SPECIFIER = "";
				SUPPORTS_MACCATALYST = NO;
				SWIFT_VERSION = 5.0;
			};
			name = Release;
		};
/* End XCBuildConfiguration section */

/* Begin XCConfigurationList section */
		CC2B28AB1E54501E00E3EB57 /* Build configuration list for PBXProject "VoxeetUXKit" */ = {
			isa = XCConfigurationList;
			buildConfigurations = (
				CC2B28B71E54501E00E3EB57 /* Debug */,
				CC2B28B81E54501E00E3EB57 /* Release */,
			);
			defaultConfigurationIsVisible = 0;
			defaultConfigurationName = Release;
		};
		CC2B28B91E54501E00E3EB57 /* Build configuration list for PBXNativeTarget "VoxeetUXKit" */ = {
			isa = XCConfigurationList;
			buildConfigurations = (
				CC2B28BA1E54501E00E3EB57 /* Debug */,
				CC2B28BB1E54501E00E3EB57 /* Release */,
			);
			defaultConfigurationIsVisible = 0;
			defaultConfigurationName = Release;
		};
/* End XCConfigurationList section */
	};
	rootObject = CC2B28A81E54501E00E3EB57 /* Project object */;
}
